
Microsoft Visual Studio Solution File, Format Version 12.00
# Visual Studio Version 17
VisualStudioVersion = 17.3.32929.385
MinimumVisualStudioVersion = 10.0.40219.1
Project("{FAE04EC0-301F-11D3-BF4B-00C04F79EFBC}") = "FunJokesApp", "FunJokesApp\FunJokesApp.csproj", "{C67BCB90-C391-4254-A5CA-381290A53E62}"
EndProject
Global
	GlobalSection(SolutionConfigurationPlatforms) = preSolution
		Debug|Any CPU = Debug|Any CPU
		Release|Any CPU = Release|Any CPU
	EndGlobalSection
	GlobalSection(ProjectConfigurationPlatforms) = postSolution
		{C67BCB90-C391-4254-A5CA-381290A53E62}.Debug|Any CPU.ActiveCfg = Debug|Any CPU
		{C67BCB90-C391-4254-A5CA-381290A53E62}.Debug|Any CPU.Build.0 = Debug|Any CPU
		{C67BCB90-C391-4254-A5CA-381290A53E62}.Release|Any CPU.ActiveCfg = Release|Any CPU
		{C67BCB90-C391-4254-A5CA-381290A53E62}.Release|Any CPU.Build.0 = Release|Any CPU
	EndGlobalSection
	GlobalSection(SolutionProperties) = preSolution
		HideSolutionNode = FALSE
	EndGlobalSection
	GlobalSection(ExtensibilityGlobals) = postSolution
		SolutionGuid = {5177D5BE-4B22-42E6-B68C-92777D32E513}
	EndGlobalSection
EndGlobal
